
Microsoft Visual Studio Solution File, Format Version 12.00
# Visual Studio Version 17
VisualStudioVersion = 17.3.32804.467
MinimumVisualStudioVersion = 10.0.40219.1
Project("{2150E333-8FDC-42A3-9474-1A3956D46DE8}") = "src", "src", "{F3C3375E-50AC-42B8-A3A1-237B6E45E168}"
EndProject
Project("{2150E333-8FDC-42A3-9474-1A3956D46DE8}") = "ZooLabLibrary", "ZooLabLibrary", "{417877BB-2BBE-463C-8BA7-D7F58D4E0C06}"
EndProject
Project("{9A19103F-16F7-4668-BE54-9A1E7A4F7556}") = "ZooLabLibrary", "src\ZooLabLibrary\ZooLabLibrary.csproj", "{BED997A8-7654-4D70-862F-8BEE3CF28398}"
EndProject
Project("{2150E333-8FDC-42A3-9474-1A3956D46DE8}") = "tests", "tests", "{B4F7CD3C-2D83-4311-A877-3F3F058FC400}"
EndProject
Project("{9A19103F-16F7-4668-BE54-9A1E7A4F7556}") = "ZooLabLibrary.Test", "tests\ZooLabLibrary.Test\ZooLabLibrary.Test.csproj", "{28038D50-F5AC-4808-908C-5E8F75913535}"
EndProject
Project("{9A19103F-16F7-4668-BE54-9A1E7A4F7556}") = "ZooLab.Test", "tests\ZooLab.Test\ZooLab.Test.csproj", "{5792B3BA-DC06-4720-9E74-F581237C5D3C}"
EndProject
Project("{FAE04EC0-301F-11D3-BF4B-00C04F79EFBC}") = "ZooLab", "src\ZooLab\ZooLab.csproj", "{E9523B04-F7F7-4B13-83DF-C7E6A0E824B2}"
EndProject
Project("{2150E333-8FDC-42A3-9474-1A3956D46DE8}") = "ZooLab", "ZooLab", "{DCF1109B-9624-4218-B13A-F01BD9834BCA}"
EndProject
Global
	GlobalSection(SolutionConfigurationPlatforms) = preSolution
		Debug|Any CPU = Debug|Any CPU
		Release|Any CPU = Release|Any CPU
	EndGlobalSection
	GlobalSection(ProjectConfigurationPlatforms) = postSolution
		{BED997A8-7654-4D70-862F-8BEE3CF28398}.Debug|Any CPU.ActiveCfg = Debug|Any CPU
		{BED997A8-7654-4D70-862F-8BEE3CF28398}.Debug|Any CPU.Build.0 = Debug|Any CPU
		{BED997A8-7654-4D70-862F-8BEE3CF28398}.Release|Any CPU.ActiveCfg = Release|Any CPU
		{BED997A8-7654-4D70-862F-8BEE3CF28398}.Release|Any CPU.Build.0 = Release|Any CPU
		{28038D50-F5AC-4808-908C-5E8F75913535}.Debug|Any CPU.ActiveCfg = Debug|Any CPU
		{28038D50-F5AC-4808-908C-5E8F75913535}.Debug|Any CPU.Build.0 = Debug|Any CPU
		{28038D50-F5AC-4808-908C-5E8F75913535}.Release|Any CPU.ActiveCfg = Release|Any CPU
		{28038D50-F5AC-4808-908C-5E8F75913535}.Release|Any CPU.Build.0 = Release|Any CPU
		{5792B3BA-DC06-4720-9E74-F581237C5D3C}.Debug|Any CPU.ActiveCfg = Debug|Any CPU
		{5792B3BA-DC06-4720-9E74-F581237C5D3C}.Debug|Any CPU.Build.0 = Debug|Any CPU
		{5792B3BA-DC06-4720-9E74-F581237C5D3C}.Release|Any CPU.ActiveCfg = Release|Any CPU
		{5792B3BA-DC06-4720-9E74-F581237C5D3C}.Release|Any CPU.Build.0 = Release|Any CPU
		{E9523B04-F7F7-4B13-83DF-C7E6A0E824B2}.Debug|Any CPU.ActiveCfg = Debug|Any CPU
		{E9523B04-F7F7-4B13-83DF-C7E6A0E824B2}.Debug|Any CPU.Build.0 = Debug|Any CPU
		{E9523B04-F7F7-4B13-83DF-C7E6A0E824B2}.Release|Any CPU.ActiveCfg = Release|Any CPU
		{E9523B04-F7F7-4B13-83DF-C7E6A0E824B2}.Release|Any CPU.Build.0 = Release|Any CPU
	EndGlobalSection
	GlobalSection(SolutionProperties) = preSolution
		HideSolutionNode = FALSE
	EndGlobalSection
	GlobalSection(NestedProjects) = preSolution
		{417877BB-2BBE-463C-8BA7-D7F58D4E0C06} = {F3C3375E-50AC-42B8-A3A1-237B6E45E168}
		{BED997A8-7654-4D70-862F-8BEE3CF28398} = {417877BB-2BBE-463C-8BA7-D7F58D4E0C06}
		{28038D50-F5AC-4808-908C-5E8F75913535} = {B4F7CD3C-2D83-4311-A877-3F3F058FC400}
		{5792B3BA-DC06-4720-9E74-F581237C5D3C} = {B4F7CD3C-2D83-4311-A877-3F3F058FC400}
		{E9523B04-F7F7-4B13-83DF-C7E6A0E824B2} = {DCF1109B-9624-4218-B13A-F01BD9834BCA}
		{DCF1109B-9624-4218-B13A-F01BD9834BCA} = {F3C3375E-50AC-42B8-A3A1-237B6E45E168}
	EndGlobalSection
	GlobalSection(ExtensibilityGlobals) = postSolution
		SolutionGuid = {0219FBBD-23A4-4D07-BFF2-B1F92180A39A}
	EndGlobalSection
EndGlobal
