
Microsoft Visual Studio Solution File, Format Version 12.00
# Visual Studio Version 17
VisualStudioVersion = 17.3.32804.467
MinimumVisualStudioVersion = 10.0.40219.1
Project("{2150E333-8FDC-42A3-9474-1A3956D46DE8}") = "src", "src", "{F3C3375E-50AC-42B8-A3A1-237B6E45E168}"
EndProject
Project("{2150E333-8FDC-42A3-9474-1A3956D46DE8}") = "ZooLabLibrary", "ZooLabLibrary", "{417877BB-2BBE-463C-8BA7-D7F58D4E0C06}"
EndProject
Project("{FAE04EC0-301F-11D3-BF4B-00C04F79EFBC}") = "ZooLabLibrary", "src\ZooLabLibrary\ZooLabLibrary.csproj", "{BED997A8-7654-4D70-862F-8BEE3CF28398}"
EndProject
Project("{2150E333-8FDC-42A3-9474-1A3956D46DE8}") = "ZooLab", "ZooLab", "{02AD87FE-0ADF-40D0-AC50-6F4DD096646E}"
EndProject
Project("{FAE04EC0-301F-11D3-BF4B-00C04F79EFBC}") = "ZooLab", "src\ZooLab\ZooLab.csproj", "{7C7B5ADB-9B23-4635-8120-2DBB0A1A0A4E}"
EndProject
Project("{2150E333-8FDC-42A3-9474-1A3956D46DE8}") = "tests", "tests", "{B4F7CD3C-2D83-4311-A877-3F3F058FC400}"
EndProject
Project("{FAE04EC0-301F-11D3-BF4B-00C04F79EFBC}") = "ZooLab.Test", "tests\ZooLab.Test\ZooLab.Test.csproj", "{88674C4F-3BB3-455E-89C5-70CA57DE7D6D}"
EndProject
Project("{FAE04EC0-301F-11D3-BF4B-00C04F79EFBC}") = "ZooLabLibrary.Test", "tests\ZooLabLibrary.Test\ZooLabLibrary.Test.csproj", "{28038D50-F5AC-4808-908C-5E8F75913535}"
EndProject
Global
	GlobalSection(SolutionConfigurationPlatforms) = preSolution
		Debug|Any CPU = Debug|Any CPU
		Release|Any CPU = Release|Any CPU
	EndGlobalSection
	GlobalSection(ProjectConfigurationPlatforms) = postSolution
		{BED997A8-7654-4D70-862F-8BEE3CF28398}.Debug|Any CPU.ActiveCfg = Debug|Any CPU
		{BED997A8-7654-4D70-862F-8BEE3CF28398}.Debug|Any CPU.Build.0 = Debug|Any CPU
		{BED997A8-7654-4D70-862F-8BEE3CF28398}.Release|Any CPU.ActiveCfg = Release|Any CPU
		{BED997A8-7654-4D70-862F-8BEE3CF28398}.Release|Any CPU.Build.0 = Release|Any CPU
		{7C7B5ADB-9B23-4635-8120-2DBB0A1A0A4E}.Debug|Any CPU.ActiveCfg = Debug|Any CPU
		{7C7B5ADB-9B23-4635-8120-2DBB0A1A0A4E}.Debug|Any CPU.Build.0 = Debug|Any CPU
		{7C7B5ADB-9B23-4635-8120-2DBB0A1A0A4E}.Release|Any CPU.ActiveCfg = Release|Any CPU
		{7C7B5ADB-9B23-4635-8120-2DBB0A1A0A4E}.Release|Any CPU.Build.0 = Release|Any CPU
		{88674C4F-3BB3-455E-89C5-70CA57DE7D6D}.Debug|Any CPU.ActiveCfg = Debug|Any CPU
		{88674C4F-3BB3-455E-89C5-70CA57DE7D6D}.Debug|Any CPU.Build.0 = Debug|Any CPU
		{88674C4F-3BB3-455E-89C5-70CA57DE7D6D}.Release|Any CPU.ActiveCfg = Release|Any CPU
		{88674C4F-3BB3-455E-89C5-70CA57DE7D6D}.Release|Any CPU.Build.0 = Release|Any CPU
		{28038D50-F5AC-4808-908C-5E8F75913535}.Debug|Any CPU.ActiveCfg = Debug|Any CPU
		{28038D50-F5AC-4808-908C-5E8F75913535}.Debug|Any CPU.Build.0 = Debug|Any CPU
		{28038D50-F5AC-4808-908C-5E8F75913535}.Release|Any CPU.ActiveCfg = Release|Any CPU
		{28038D50-F5AC-4808-908C-5E8F75913535}.Release|Any CPU.Build.0 = Release|Any CPU
	EndGlobalSection
	GlobalSection(SolutionProperties) = preSolution
		HideSolutionNode = FALSE
	EndGlobalSection
	GlobalSection(NestedProjects) = preSolution
		{417877BB-2BBE-463C-8BA7-D7F58D4E0C06} = {F3C3375E-50AC-42B8-A3A1-237B6E45E168}
		{BED997A8-7654-4D70-862F-8BEE3CF28398} = {417877BB-2BBE-463C-8BA7-D7F58D4E0C06}
		{02AD87FE-0ADF-40D0-AC50-6F4DD096646E} = {F3C3375E-50AC-42B8-A3A1-237B6E45E168}
		{7C7B5ADB-9B23-4635-8120-2DBB0A1A0A4E} = {02AD87FE-0ADF-40D0-AC50-6F4DD096646E}
		{88674C4F-3BB3-455E-89C5-70CA57DE7D6D} = {B4F7CD3C-2D83-4311-A877-3F3F058FC400}
		{28038D50-F5AC-4808-908C-5E8F75913535} = {B4F7CD3C-2D83-4311-A877-3F3F058FC400}
	EndGlobalSection
	GlobalSection(ExtensibilityGlobals) = postSolution
		SolutionGuid = {0219FBBD-23A4-4D07-BFF2-B1F92180A39A}
	EndGlobalSection
EndGlobal
